
Microsoft Visual Studio Solution File, Format Version 12.00
# Visual Studio Version 16
VisualStudioVersion = 16.0.32002.261
MinimumVisualStudioVersion = 10.0.40219.1
Project("{FAE04EC0-301F-11D3-BF4B-00C04F79EFBC}") = "RentAPI", "RentAPI\RentAPI.csproj", "{8939828F-0D48-460B-B9A6-C5A93C3F935C}"
EndProject
Global
	GlobalSection(SolutionConfigurationPlatforms) = preSolution
		Debug|Any CPU = Debug|Any CPU
		Release|Any CPU = Release|Any CPU
	EndGlobalSection
	GlobalSection(ProjectConfigurationPlatforms) = postSolution
		{8939828F-0D48-460B-B9A6-C5A93C3F935C}.Debug|Any CPU.ActiveCfg = Debug|Any CPU
		{8939828F-0D48-460B-B9A6-C5A93C3F935C}.Debug|Any CPU.Build.0 = Debug|Any CPU
		{8939828F-0D48-460B-B9A6-C5A93C3F935C}.Release|Any CPU.ActiveCfg = Release|Any CPU
		{8939828F-0D48-460B-B9A6-C5A93C3F935C}.Release|Any CPU.Build.0 = Release|Any CPU
	EndGlobalSection
	GlobalSection(SolutionProperties) = preSolution
		HideSolutionNode = FALSE
	EndGlobalSection
	GlobalSection(ExtensibilityGlobals) = postSolution
		SolutionGuid = {1D4B32F3-888D-40D4-958F-8A2EBC66A7B8}
	EndGlobalSection
EndGlobal
